
Microsoft Visual Studio Solution File, Format Version 12.00
# Visual Studio Version 16
VisualStudioVersion = 16.0.29920.165
MinimumVisualStudioVersion = 10.0.40219.1
Project("{FAE04EC0-301F-11D3-BF4B-00C04F79EFBC}") = "WcfServicePaiement", "WcfServicePaiement\WcfServicePaiement.csproj", "{98F0DFB4-631E-4DAC-BECF-FA09BD5855C3}"
EndProject
Project("{FAE04EC0-301F-11D3-BF4B-00C04F79EFBC}") = "DTO", "DTO\DTO.csproj", "{17D48342-50CC-487E-A49E-E6074410FE4E}"
EndProject
Project("{FAE04EC0-301F-11D3-BF4B-00C04F79EFBC}") = "DAL", "DAL\DAL.csproj", "{9C824712-B43E-4AE5-9EA3-801E31B79805}"
EndProject
Project("{FAE04EC0-301F-11D3-BF4B-00C04F79EFBC}") = "BLL", "BLL\BLL.csproj", "{7EA5F44A-DBA5-4906-87CA-C74EDD288FC9}"
EndProject
Global
	GlobalSection(SolutionConfigurationPlatforms) = preSolution
		Debug|Any CPU = Debug|Any CPU
		Release|Any CPU = Release|Any CPU
	EndGlobalSection
	GlobalSection(ProjectConfigurationPlatforms) = postSolution
		{98F0DFB4-631E-4DAC-BECF-FA09BD5855C3}.Debug|Any CPU.ActiveCfg = Debug|Any CPU
		{98F0DFB4-631E-4DAC-BECF-FA09BD5855C3}.Debug|Any CPU.Build.0 = Debug|Any CPU
		{98F0DFB4-631E-4DAC-BECF-FA09BD5855C3}.Release|Any CPU.ActiveCfg = Release|Any CPU
		{98F0DFB4-631E-4DAC-BECF-FA09BD5855C3}.Release|Any CPU.Build.0 = Release|Any CPU
		{17D48342-50CC-487E-A49E-E6074410FE4E}.Debug|Any CPU.ActiveCfg = Debug|Any CPU
		{17D48342-50CC-487E-A49E-E6074410FE4E}.Debug|Any CPU.Build.0 = Debug|Any CPU
		{17D48342-50CC-487E-A49E-E6074410FE4E}.Release|Any CPU.ActiveCfg = Release|Any CPU
		{17D48342-50CC-487E-A49E-E6074410FE4E}.Release|Any CPU.Build.0 = Release|Any CPU
		{9C824712-B43E-4AE5-9EA3-801E31B79805}.Debug|Any CPU.ActiveCfg = Debug|Any CPU
		{9C824712-B43E-4AE5-9EA3-801E31B79805}.Debug|Any CPU.Build.0 = Debug|Any CPU
		{9C824712-B43E-4AE5-9EA3-801E31B79805}.Release|Any CPU.ActiveCfg = Release|Any CPU
		{9C824712-B43E-4AE5-9EA3-801E31B79805}.Release|Any CPU.Build.0 = Release|Any CPU
		{7EA5F44A-DBA5-4906-87CA-C74EDD288FC9}.Debug|Any CPU.ActiveCfg = Debug|Any CPU
		{7EA5F44A-DBA5-4906-87CA-C74EDD288FC9}.Debug|Any CPU.Build.0 = Debug|Any CPU
		{7EA5F44A-DBA5-4906-87CA-C74EDD288FC9}.Release|Any CPU.ActiveCfg = Release|Any CPU
		{7EA5F44A-DBA5-4906-87CA-C74EDD288FC9}.Release|Any CPU.Build.0 = Release|Any CPU
	EndGlobalSection
	GlobalSection(SolutionProperties) = preSolution
		HideSolutionNode = FALSE
	EndGlobalSection
	GlobalSection(ExtensibilityGlobals) = postSolution
		SolutionGuid = {9E3A4F5E-4B54-41F1-BF20-1F5CD91A7441}
	EndGlobalSection
EndGlobal
